
Microsoft Visual Studio Solution File, Format Version 12.00
# Visual Studio 15
VisualStudioVersion = 15.0.26730.3
MinimumVisualStudioVersion = 10.0.40219.1
Project("{FAE04EC0-301F-11D3-BF4B-00C04F79EFBC}") = "TagPay.Backoffice.Api", "TagPay.Backoffice.Api\TagPay.Backoffice.Api.csproj", "{D70BBC36-A256-4C99-8297-C45F8B2CD321}"
EndProject
Global
	GlobalSection(SolutionConfigurationPlatforms) = preSolution
		Debug|Any CPU = Debug|Any CPU
		Release|Any CPU = Release|Any CPU
	EndGlobalSection
	GlobalSection(ProjectConfigurationPlatforms) = postSolution
		{D70BBC36-A256-4C99-8297-C45F8B2CD321}.Debug|Any CPU.ActiveCfg = Debug|Any CPU
		{D70BBC36-A256-4C99-8297-C45F8B2CD321}.Debug|Any CPU.Build.0 = Debug|Any CPU
		{D70BBC36-A256-4C99-8297-C45F8B2CD321}.Release|Any CPU.ActiveCfg = Release|Any CPU
		{D70BBC36-A256-4C99-8297-C45F8B2CD321}.Release|Any CPU.Build.0 = Release|Any CPU
	EndGlobalSection
	GlobalSection(SolutionProperties) = preSolution
		HideSolutionNode = FALSE
	EndGlobalSection
	GlobalSection(ExtensibilityGlobals) = postSolution
		SolutionGuid = {229C771E-6670-478D-BFB3-A65853536932}
	EndGlobalSection
EndGlobal
